{
  "name": "doclojure",
  "version": "0.1.0-SNAPSHOT",
  "lockfileVersion": 2,
  "requires": true,
  "packages": {
    "": {
      "version": "0.1.0-SNAPSHOT",
      "dependencies": {
        "markdown-clj": "1.10.3"
      }
    },
    "node_modules/markdown-clj": {
      "version": "1.10.3",
      "resolved": "https://registry.npmjs.org/markdown-clj/-/markdown-clj-1.10.3.tgz",
      "integrity": "sha512-N47K7FvMMRnzQ1hKs31Y256sHrguuRI4cWoVi/zx8LgY7eWwODknaHcMp+cR743j8kSjltgDmglv1z9mYbXCrA=="
    }
  },
  "dependencies": {
    "markdown-clj": {
      "version": "1.10.3",
      "resolved": "https://registry.npmjs.org/markdown-clj/-/markdown-clj-1.10.3.tgz",
      "integrity": "sha512-N47K7FvMMRnzQ1hKs31Y256sHrguuRI4cWoVi/zx8LgY7eWwODknaHcMp+cR743j8kSjltgDmglv1z9mYbXCrA=="
    }
  }
}
